
Microsoft Visual Studio Solution File, Format Version 12.00
# Visual Studio 15
VisualStudioVersion = 15.0.26730.12
MinimumVisualStudioVersion = 10.0.40219.1
Project("{FAE04EC0-301F-11D3-BF4B-00C04F79EFBC}") = "SpaceAge", "Space Age\SpaceAge.csproj", "{E133B544-F9D7-43DB-A871-D469E4F730DF}"
EndProject
Project("{FAE04EC0-301F-11D3-BF4B-00C04F79EFBC}") = "UnitTestProject1", "UnitTestProject1\UnitTestProject1.csproj", "{DFC21DBA-1B2C-4960-9A3B-34E983EA4061}"
EndProject
Global
	GlobalSection(SolutionConfigurationPlatforms) = preSolution
		Debug|Any CPU = Debug|Any CPU
		Release|Any CPU = Release|Any CPU
	EndGlobalSection
	GlobalSection(ProjectConfigurationPlatforms) = postSolution
		{E133B544-F9D7-43DB-A871-D469E4F730DF}.Debug|Any CPU.ActiveCfg = Debug|Any CPU
		{E133B544-F9D7-43DB-A871-D469E4F730DF}.Debug|Any CPU.Build.0 = Debug|Any CPU
		{E133B544-F9D7-43DB-A871-D469E4F730DF}.Release|Any CPU.ActiveCfg = Release|Any CPU
		{E133B544-F9D7-43DB-A871-D469E4F730DF}.Release|Any CPU.Build.0 = Release|Any CPU
		{DFC21DBA-1B2C-4960-9A3B-34E983EA4061}.Debug|Any CPU.ActiveCfg = Debug|Any CPU
		{DFC21DBA-1B2C-4960-9A3B-34E983EA4061}.Debug|Any CPU.Build.0 = Debug|Any CPU
		{DFC21DBA-1B2C-4960-9A3B-34E983EA4061}.Release|Any CPU.ActiveCfg = Release|Any CPU
		{DFC21DBA-1B2C-4960-9A3B-34E983EA4061}.Release|Any CPU.Build.0 = Release|Any CPU
	EndGlobalSection
	GlobalSection(SolutionProperties) = preSolution
		HideSolutionNode = FALSE
	EndGlobalSection
	GlobalSection(ExtensibilityGlobals) = postSolution
		SolutionGuid = {E70AF865-3FB0-4FC9-8AD7-184B3297F54D}
	EndGlobalSection
EndGlobal
